# THIS IS AN AUTOGENERATED FILE. DO NOT EDIT THIS FILE DIRECTLY.
# yarn lockfile v1


"jquery.gridly@https://github.com/ksylvest/jquery-gridly":
  version "1.2.9"
  resolved "https://github.com/ksylvest/jquery-gridly#b3daa13c5f55138357ed8c4baec0b10a90fcd0be"

jquery@^3.2.1:
  version "3.2.1"
  resolved "https://registry.yarnpkg.com/jquery/-/jquery-3.2.1.tgz#5c4d9de652af6cd0a770154a631bba12b015c787"
